// !$*UTF8*$!
{
	archiveVersion = 1;
	classes = {
	};
	objectVersion = 46;
	objects = {

/* Begin PBXBuildFile section */
		9623B89A1F44D8EA009D9020 /* AppDelegate.swift in Sources */ = {isa = PBXBuildFile; fileRef = 9623B8991F44D8EA009D9020 /* AppDelegate.swift */; };
		9623B89C1F44D8EA009D9020 /* ViewController.swift in Sources */ = {isa = PBXBuildFile; fileRef = 9623B89B1F44D8EA009D9020 /* ViewController.swift */; };
		9623B89F1F44D8EA009D9020 /* Main.storyboard in Resources */ = {isa = PBXBuildFile; fileRef = 9623B89D1F44D8EA009D9020 /* Main.storyboard */; };
		9623B8A11F44D8EA009D9020 /* Assets.xcassets in Resources */ = {isa = PBXBuildFile; fileRef = 9623B8A01F44D8EA009D9020 /* Assets.xcassets */; };
		9623B8A41F44D8EA009D9020 /* LaunchScreen.storyboard in Resources */ = {isa = PBXBuildFile; fileRef = 9623B8A21F44D8EA009D9020 /* LaunchScreen.storyboard */; };
		9623B8AC1F44DB3D009D9020 /* Tail-coin.png in Resources */ = {isa = PBXBuildFile; fileRef = 9623B8AB1F44DB3D009D9020 /* Tail-coin.png */; };
		9623B8AE1F44DB56009D9020 /* Eagle-coin.png in Resources */ = {isa = PBXBuildFile; fileRef = 9623B8AD1F44DB56009D9020 /* Eagle-coin.png */; };
		9623B8B01F44E10C009D9020 /* 23513407-eagle-cartoon-thumb-up-Stock-Vector-bird.jpg in Resources */ = {isa = PBXBuildFile; fileRef = 9623B8AF1F44E10C009D9020 /* 23513407-eagle-cartoon-thumb-up-Stock-Vector-bird.jpg */; };
		9623B8B21F44E12A009D9020 /* cartoon_hawk_st5.gif in Resources */ = {isa = PBXBuildFile; fileRef = 9623B8B11F44E12A009D9020 /* cartoon_hawk_st5.gif */; };
		9623B8B41F44E380009D9020 /* ResultProvider.swift in Sources */ = {isa = PBXBuildFile; fileRef = 9623B8B31F44E380009D9020 /* ResultProvider.swift */; };
		9623B8B61F44E9EB009D9020 /* ColorsProvider.swift in Sources */ = {isa = PBXBuildFile; fileRef = 9623B8B51F44E9EB009D9020 /* ColorsProvider.swift */; };
/* End PBXBuildFile section */

/* Begin PBXFileReference section */
		9623B8961F44D8EA009D9020 /* CoinToss.app */ = {isa = PBXFileReference; explicitFileType = wrapper.application; includeInIndex = 0; path = CoinToss.app; sourceTree = BUILT_PRODUCTS_DIR; };
		9623B8991F44D8EA009D9020 /* AppDelegate.swift */ = {isa = PBXFileReference; lastKnownFileType = sourcecode.swift; path = AppDelegate.swift; sourceTree = "<group>"; };
		9623B89B1F44D8EA009D9020 /* ViewController.swift */ = {isa = PBXFileReference; lastKnownFileType = sourcecode.swift; path = ViewController.swift; sourceTree = "<group>"; };
		9623B89E1F44D8EA009D9020 /* Base */ = {isa = PBXFileReference; lastKnownFileType = file.storyboard; name = Base; path = Base.lproj/Main.storyboard; sourceTree = "<group>"; };
		9623B8A01F44D8EA009D9020 /* Assets.xcassets */ = {isa = PBXFileReference; lastKnownFileType = folder.assetcatalog; path = Assets.xcassets; sourceTree = "<group>"; };
		9623B8A31F44D8EA009D9020 /* Base */ = {isa = PBXFileReference; lastKnownFileType = file.storyboard; name = Base; path = Base.lproj/LaunchScreen.storyboard; sourceTree = "<group>"; };
		9623B8A51F44D8EA009D9020 /* Info.plist */ = {isa = PBXFileReference; lastKnownFileType = text.plist.xml; path = Info.plist; sourceTree = "<group>"; };
		9623B8AB1F44DB3D009D9020 /* Tail-coin.png */ = {isa = PBXFileReference; lastKnownFileType = image.png; name = "Tail-coin.png"; path = "../../Tail-coin.png"; sourceTree = "<group>"; };
		9623B8AD1F44DB56009D9020 /* Eagle-coin.png */ = {isa = PBXFileReference; lastKnownFileType = image.png; name = "Eagle-coin.png"; path = "../../Eagle-coin.png"; sourceTree = "<group>"; };
		9623B8AF1F44E10C009D9020 /* 23513407-eagle-cartoon-thumb-up-Stock-Vector-bird.jpg */ = {isa = PBXFileReference; lastKnownFileType = image.jpeg; name = "23513407-eagle-cartoon-thumb-up-Stock-Vector-bird.jpg"; path = "../../23513407-eagle-cartoon-thumb-up-Stock-Vector-bird.jpg"; sourceTree = "<group>"; };
		9623B8B11F44E12A009D9020 /* cartoon_hawk_st5.gif */ = {isa = PBXFileReference; lastKnownFileType = image.gif; name = cartoon_hawk_st5.gif; path = ../../cartoon_hawk_st5.gif; sourceTree = "<group>"; };
		9623B8B31F44E380009D9020 /* ResultProvider.swift */ = {isa = PBXFileReference; fileEncoding = 4; lastKnownFileType = sourcecode.swift; path = ResultProvider.swift; sourceTree = "<group>"; };
		9623B8B51F44E9EB009D9020 /* ColorsProvider.swift */ = {isa = PBXFileReference; fileEncoding = 4; lastKnownFileType = sourcecode.swift; path = ColorsProvider.swift; sourceTree = "<group>"; };
/* End PBXFileReference section */

/* Begin PBXFrameworksBuildPhase section */
		9623B8931F44D8EA009D9020 /* Frameworks */ = {
			isa = PBXFrameworksBuildPhase;
			buildActionMask = 2147483647;
			files = (
			);
			runOnlyForDeploymentPostprocessing = 0;
		};
/* End PBXFrameworksBuildPhase section */

/* Begin PBXGroup section */
		9623B88D1F44D8EA009D9020 = {
			isa = PBXGroup;
			children = (
				9623B8981F44D8EA009D9020 /* CoinToss */,
				9623B8971F44D8EA009D9020 /* Products */,
				9623B8AB1F44DB3D009D9020 /* Tail-coin.png */,
				9623B8AD1F44DB56009D9020 /* Eagle-coin.png */,
				9623B8AF1F44E10C009D9020 /* 23513407-eagle-cartoon-thumb-up-Stock-Vector-bird.jpg */,
				9623B8B11F44E12A009D9020 /* cartoon_hawk_st5.gif */,
			);
			sourceTree = "<group>";
		};
		9623B8971F44D8EA009D9020 /* Products */ = {
			isa = PBXGroup;
			children = (
				9623B8961F44D8EA009D9020 /* CoinToss.app */,
			);
			name = Products;
			sourceTree = "<group>";
		};
		9623B8981F44D8EA009D9020 /* CoinToss */ = {
			isa = PBXGroup;
			children = (
				9623B8991F44D8EA009D9020 /* AppDelegate.swift */,
				9623B89B1F44D8EA009D9020 /* ViewController.swift */,
				9623B8B51F44E9EB009D9020 /* ColorsProvider.swift */,
				9623B8B31F44E380009D9020 /* ResultProvider.swift */,
				9623B89D1F44D8EA009D9020 /* Main.storyboard */,
				9623B8A01F44D8EA009D9020 /* Assets.xcassets */,
				9623B8A21F44D8EA009D9020 /* LaunchScreen.storyboard */,
				9623B8A51F44D8EA009D9020 /* Info.plist */,
			);
			path = CoinToss;
			sourceTree = "<group>";
		};
/* End PBXGroup section */

/* Begin PBXNativeTarget section */
		9623B8951F44D8EA009D9020 /* CoinToss */ = {
			isa = PBXNativeTarget;
			buildConfigurationList = 9623B8A81F44D8EA009D9020 /* Build configuration list for PBXNativeTarget "CoinToss" */;
			buildPhases = (
				9623B8921F44D8EA009D9020 /* Sources */,
				9623B8931F44D8EA009D9020 /* Frameworks */,
				9623B8941F44D8EA009D9020 /* Resources */,
			);
			buildRules = (
			);
			dependencies = (
			);
			name = CoinToss;
			productName = CoinToss;
			productReference = 9623B8961F44D8EA009D9020 /* CoinToss.app */;
			productType = "com.apple.product-type.application";
		};
/* End PBXNativeTarget section */

/* Begin PBXProject section */
		9623B88E1F44D8EA009D9020 /* Project object */ = {
			isa = PBXProject;
			attributes = {
				LastSwiftUpdateCheck = 0830;
				LastUpgradeCheck = 0830;
				ORGANIZATIONNAME = EugeneSt;
				TargetAttributes = {
					9623B8951F44D8EA009D9020 = {
						CreatedOnToolsVersion = 8.3.3;
						DevelopmentTeam = B7NCZ24UXD;
						ProvisioningStyle = Automatic;
					};
				};
			};
			buildConfigurationList = 9623B8911F44D8EA009D9020 /* Build configuration list for PBXProject "CoinToss" */;
			compatibilityVersion = "Xcode 3.2";
			developmentRegion = English;
			hasScannedForEncodings = 0;
			knownRegions = (
				en,
				Base,
			);
			mainGroup = 9623B88D1F44D8EA009D9020;
			productRefGroup = 9623B8971F44D8EA009D9020 /* Products */;
			projectDirPath = "";
			projectRoot = "";
			targets = (
				9623B8951F44D8EA009D9020 /* CoinToss */,
			);
		};
/* End PBXProject section */

/* Begin PBXResourcesBuildPhase section */
		9623B8941F44D8EA009D9020 /* Resources */ = {
			isa = PBXResourcesBuildPhase;
			buildActionMask = 2147483647;
			files = (
				9623B8A41F44D8EA009D9020 /* LaunchScreen.storyboard in Resources */,
				9623B8B21F44E12A009D9020 /* cartoon_hawk_st5.gif in Resources */,
				9623B8AC1F44DB3D009D9020 /* Tail-coin.png in Resources */,
				9623B8AE1F44DB56009D9020 /* Eagle-coin.png in Resources */,
				9623B8B01F44E10C009D9020 /* 23513407-eagle-cartoon-thumb-up-Stock-Vector-bird.jpg in Resources */,
				9623B8A11F44D8EA009D9020 /* Assets.xcassets in Resources */,
				9623B89F1F44D8EA009D9020 /* Main.storyboard in Resources */,
			);
			runOnlyForDeploymentPostprocessing = 0;
		};
/* End PBXResourcesBuildPhase section */

/* Begin PBXSourcesBuildPhase section */
		9623B8921F44D8EA009D9020 /* Sources */ = {
			isa = PBXSourcesBuildPhase;
			buildActionMask = 2147483647;
			files = (
				9623B8B61F44E9EB009D9020 /* ColorsProvider.swift in Sources */,
				9623B89C1F44D8EA009D9020 /* ViewController.swift in Sources */,
				9623B89A1F44D8EA009D9020 /* AppDelegate.swift in Sources */,
				9623B8B41F44E380009D9020 /* ResultProvider.swift in Sources */,
			);
			runOnlyForDeploymentPostprocessing = 0;
		};
/* End PBXSourcesBuildPhase section */

/* Begin PBXVariantGroup section */
		9623B89D1F44D8EA009D9020 /* Main.storyboard */ = {
			isa = PBXVariantGroup;
			children = (
				9623B89E1F44D8EA009D9020 /* Base */,
			);
			name = Main.storyboard;
			sourceTree = "<group>";
		};
		9623B8A21F44D8EA009D9020 /* LaunchScreen.storyboard */ = {
			isa = PBXVariantGroup;
			children = (
				9623B8A31F44D8EA009D9020 /* Base */,
			);
			name = LaunchScreen.storyboard;
			sourceTree = "<group>";
		};
/* End PBXVariantGroup section */

/* Begin XCBuildConfiguration section */
		9623B8A61F44D8EA009D9020 /* Debug */ = {
			isa = XCBuildConfiguration;
			buildSettings = {
				ALWAYS_SEARCH_USER_PATHS = NO;
				CLANG_ANALYZER_NONNULL = YES;
				CLANG_ANALYZER_NUMBER_OBJECT_CONVERSION = YES_AGGRESSIVE;
				CLANG_CXX_LANGUAGE_STANDARD = "gnu++0x";
				CLANG_CXX_LIBRARY = "libc++";
				CLANG_ENABLE_MODULES = YES;
				CLANG_ENABLE_OBJC_ARC = YES;
				CLANG_WARN_BOOL_CONVERSION = YES;
				CLANG_WARN_CONSTANT_CONVERSION = YES;
				CLANG_WARN_DIRECT_OBJC_ISA_USAGE = YES_ERROR;
				CLANG_WARN_DOCUMENTATION_COMMENTS = YES;
				CLANG_WARN_EMPTY_BODY = YES;
				CLANG_WARN_ENUM_CONVERSION = YES;
				CLANG_WARN_INFINITE_RECURSION = YES;
				CLANG_WARN_INT_CONVERSION = YES;
				CLANG_WARN_OBJC_ROOT_CLASS = YES_ERROR;
				CLANG_WARN_SUSPICIOUS_MOVE = YES;
				CLANG_WARN_UNREACHABLE_CODE = YES;
				CLANG_WARN__DUPLICATE_METHOD_MATCH = YES;
				"CODE_SIGN_IDENTITY[sdk=iphoneos*]" = "iPhone Developer";
				COPY_PHASE_STRIP = NO;
				DEBUG_INFORMATION_FORMAT = dwarf;
				ENABLE_STRICT_OBJC_MSGSEND = YES;
				ENABLE_TESTABILITY = YES;
				GCC_C_LANGUAGE_STANDARD = gnu99;
				GCC_DYNAMIC_NO_PIC = NO;
				GCC_NO_COMMON_BLOCKS = YES;
				GCC_OPTIMIZATION_LEVEL = 0;
				GCC_PREPROCESSOR_DEFINITIONS = (
					"DEBUG=1",
					"$(inherited)",
				);
				GCC_WARN_64_TO_32_BIT_CONVERSION = YES;
				GCC_WARN_ABOUT_RETURN_TYPE = YES_ERROR;
				GCC_WARN_UNDECLARED_SELECTOR = YES;
				GCC_WARN_UNINITIALIZED_AUTOS = YES_AGGRESSIVE;
				GCC_WARN_UNUSED_FUNCTION = YES;
				GCC_WARN_UNUSED_VARIABLE = YES;
				IPHONEOS_DEPLOYMENT_TARGET = 10.3;
				MTL_ENABLE_DEBUG_INFO = YES;
				ONLY_ACTIVE_ARCH = YES;
				SDKROOT = iphoneos;
				SWIFT_ACTIVE_COMPILATION_CONDITIONS = DEBUG;
				SWIFT_OPTIMIZATION_LEVEL = "-Onone";
			};
			name = Debug;
		};
		9623B8A71F44D8EA009D9020 /* Release */ = {
			isa = XCBuildConfiguration;
			buildSettings = {
				ALWAYS_SEARCH_USER_PATHS = NO;
				CLANG_ANALYZER_NONNULL = YES;
				CLANG_ANALYZER_NUMBER_OBJECT_CONVERSION = YES_AGGRESSIVE;
				CLANG_CXX_LANGUAGE_STANDARD = "gnu++0x";
				CLANG_CXX_LIBRARY = "libc++";
				CLANG_ENABLE_MODULES = YES;
				CLANG_ENABLE_OBJC_ARC = YES;
				CLANG_WARN_BOOL_CONVERSION = YES;
				CLANG_WARN_CONSTANT_CONVERSION = YES;
				CLANG_WARN_DIRECT_OBJC_ISA_USAGE = YES_ERROR;
				CLANG_WARN_DOCUMENTATION_COMMENTS = YES;
				CLANG_WARN_EMPTY_BODY = YES;
				CLANG_WARN_ENUM_CONVERSION = YES;
				CLANG_WARN_INFINITE_RECURSION = YES;
				CLANG_WARN_INT_CONVERSION = YES;
				CLANG_WARN_OBJC_ROOT_CLASS = YES_ERROR;
				CLANG_WARN_SUSPICIOUS_MOVE = YES;
				CLANG_WARN_UNREACHABLE_CODE = YES;
				CLANG_WARN__DUPLICATE_METHOD_MATCH = YES;
				"CODE_SIGN_IDENTITY[sdk=iphoneos*]" = "iPhone Developer";
				COPY_PHASE_STRIP = NO;
				DEBUG_INFORMATION_FORMAT = "dwarf-with-dsym";
				ENABLE_NS_ASSERTIONS = NO;
				ENABLE_STRICT_OBJC_MSGSEND = YES;
				GCC_C_LANGUAGE_STANDARD = gnu99;
				GCC_NO_COMMON_BLOCKS = YES;
				GCC_WARN_64_TO_32_BIT_CONVERSION = YES;
				GCC_WARN_ABOUT_RETURN_TYPE = YES_ERROR;
				GCC_WARN_UNDECLARED_SELECTOR = YES;
				GCC_WARN_UNINITIALIZED_AUTOS = YES_AGGRESSIVE;
				GCC_WARN_UNUSED_FUNCTION = YES;
				GCC_WARN_UNUSED_VARIABLE = YES;
				IPHONEOS_DEPLOYMENT_TARGET = 10.3;
				MTL_ENABLE_DEBUG_INFO = NO;
				SDKROOT = iphoneos;
				SWIFT_OPTIMIZATION_LEVEL = "-Owholemodule";
				VALIDATE_PRODUCT = YES;
			};
			name = Release;
		};
		9623B8A91F44D8EA009D9020 /* Debug */ = {
			isa = XCBuildConfiguration;
			buildSettings = {
				ASSETCATALOG_COMPILER_APPICON_NAME = AppIcon;
				DEVELOPMENT_TEAM = B7NCZ24UXD;
				INFOPLIST_FILE = CoinToss/Info.plist;
				LD_RUNPATH_SEARCH_PATHS = "$(inherited) @executable_path/Frameworks";
				PRODUCT_BUNDLE_IDENTIFIER = st.eugene.CoinToss;
				PRODUCT_NAME = "$(TARGET_NAME)";
				SWIFT_VERSION = 3.0;
			};
			name = Debug;
		};
		9623B8AA1F44D8EA009D9020 /* Release */ = {
			isa = XCBuildConfiguration;
			buildSettings = {
				ASSETCATALOG_COMPILER_APPICON_NAME = AppIcon;
				DEVELOPMENT_TEAM = B7NCZ24UXD;
				INFOPLIST_FILE = CoinToss/Info.plist;
				LD_RUNPATH_SEARCH_PATHS = "$(inherited) @executable_path/Frameworks";
				PRODUCT_BUNDLE_IDENTIFIER = st.eugene.CoinToss;
				PRODUCT_NAME = "$(TARGET_NAME)";
				SWIFT_VERSION = 3.0;
			};
			name = Release;
		};
/* End XCBuildConfiguration section */

/* Begin XCConfigurationList section */
		9623B8911F44D8EA009D9020 /* Build configuration list for PBXProject "CoinToss" */ = {
			isa = XCConfigurationList;
			buildConfigurations = (
				9623B8A61F44D8EA009D9020 /* Debug */,
				9623B8A71F44D8EA009D9020 /* Release */,
			);
			defaultConfigurationIsVisible = 0;
			defaultConfigurationName = Release;
		};
		9623B8A81F44D8EA009D9020 /* Build configuration list for PBXNativeTarget "CoinToss" */ = {
			isa = XCConfigurationList;
			buildConfigurations = (
				9623B8A91F44D8EA009D9020 /* Debug */,
				9623B8AA1F44D8EA009D9020 /* Release */,
			);
			defaultConfigurationIsVisible = 0;
			defaultConfigurationName = Release;
		};
/* End XCConfigurationList section */
	};
	rootObject = 9623B88E1F44D8EA009D9020 /* Project object */;
}
